// !$*UTF8*$!
{ archiveVersion = 1; classes = {}; objectVersion = 56; objects = {
    0924ACF74BEB0A0098155ADB = { isa = XCConfigurationList; buildConfigurations = (FCB48D8F88BCDB0ED9FADFD7, 942EEBBACD6C88CAE7F29B29,); defaultConfigurationIsVisible = 0; defaultConfigurationName = Release; };
    09605203E98DC5A932E98921 = { isa = PBXFileReference; lastKnownFileType = text; path = "Resources/pretendard-license.txt"; sourceTree = "<group>"; };
    125D1DB76C9DB381A5FF149F = { isa = PBXBuildFile; fileRef = 4C47665D1BA4105DF9684DC4; settings = { ATTRIBUTES = (RemoveHeadersOnCopy,); }; };
    135F6843417BCDE1AA43081A = { isa = PBXBuildFile; fileRef = 303AD283F817115D838B5B02; };
    1B753F25EC37EC79A6AEC921 = { isa = PBXBuildFile; fileRef = C98AF03409EB2DC77957A570; };
    200E2E61927ECE857AF7B870 = { isa = PBXFileReference; lastKnownFileType = sourcecode.swift; path = "App/WidgetGuide.swift"; sourceTree = "<group>"; };
    225795B2DAF32C318234BC12 = { isa = PBXContainerItemProxy; containerPortal = 98F54143AB4E86B28C3AFEE0; proxyType = 1; remoteGlobalIDString = A5A0AA9F4FB5BC8D9254438A; remoteInfo = widget; };
    29C7B681C8D62CBAC94D51C0 = { isa = PBXNativeTarget; buildConfigurationList = F7144F68C3B4FE8B23CB38FE; buildPhases = (D10ECEDA0FB53BA093BEC557, C19A4328C9961E8F8A7CF4CD, C84B5C31679C986BFD935BC6, 34EC437E5837D0D5F6E620DD,); buildRules = (); dependencies = (5B21A5802740265D858D38C2,); name = MementoMori; packageProductDependencies = (7D6131EA17EF82109ADEC49A,); productName = MementoMori; productReference = B6CDB6E5D160E013280D3C68; productType = "com.apple.product-type.application"; };
    2DCD9A9831404E37432E6EFF = { isa = XCConfigurationList; buildConfigurations = (8EEBAB68363C2B0DAE00DB30, 9B3B545F8CBA1ACB550689D3,); defaultConfigurationIsVisible = 0; defaultConfigurationName = Release; };
    303AD283F817115D838B5B02 = { isa = PBXFileReference; lastKnownFileType = sourcecode.swift; path = "Shared/Design.swift"; sourceTree = "<group>"; };
    340B44853D0D58738451C8F7 = { isa = PBXSourcesBuildPhase; buildActionMask = 2147483647; files = (55EC686BB7CD29ABB277FA83, F09582915CA9E45F5F8CF7E4, B857A8D6D8CA8640284F1021,); runOnlyForDeploymentPostprocessing = 0; };
    34B7D05F21453B7E9E0A5690 = { isa = PBXBuildFile; fileRef = F7989604EEF720BAE3F20702; };
    34EC437E5837D0D5F6E620DD = { isa = PBXCopyFilesBuildPhase; buildActionMask = 2147483647; dstPath = ""; dstSubfolderSpec = 13; files = (125D1DB76C9DB381A5FF149F,); name = "Embed App Extensions"; runOnlyForDeploymentPostprocessing = 0; };
    40D79F40A8593FA508DC545F = { isa = PBXFrameworksBuildPhase; buildActionMask = 2147483647; files = (C948D157A82C041212BCB37C,); runOnlyForDeploymentPostprocessing = 0; };
    44C1AF857B0FE8DD6E732654 = { isa = PBXResourcesBuildPhase; buildActionMask = 2147483647; files = (1B753F25EC37EC79A6AEC921, 5FD8D7DDB20EE74D7FA97D23, 8627D3D0344DFA795FBCDD14,); runOnlyForDeploymentPostprocessing = 0; };
    466B1BF29CAC38A0D1C17808 = { isa = PBXBuildFile; fileRef = 4BF5FFBDEFE05B1D2D11C94E; };
    48FB5AF282D47CFB19F12683 = { isa = PBXFrameworksBuildPhase; buildActionMask = 2147483647; files = (); runOnlyForDeploymentPostprocessing = 0; };
    4BF5FFBDEFE05B1D2D11C94E = { isa = PBXFileReference; lastKnownFileType = sourcecode.swift; path = "App/MementoMoriApp.swift"; sourceTree = "<group>"; };
    4C47665D1BA4105DF9684DC4 = { isa = PBXFileReference; explicitFileType = wrapper.app-extension; path = "MementoWidgets.appex"; sourceTree = BUILT_PRODUCTS_DIR; };
    50723A0DD70663E37D64DCBF = { isa = PBXFileReference; lastKnownFileType = sourcecode.swift; path = "App/SettingsDocument.swift"; sourceTree = "<group>"; };
    5283471FF90C511CFE244FFF = { isa = XCBuildConfiguration; baseConfigurationReference = 78548ADD28CC7B5EA2D67C47; buildSettings = { SWIFT_VERSION = "5.0"; IPHONEOS_DEPLOYMENT_TARGET = "17.0"; SDKROOT = "iphoneos"; SUPPORTED_PLATFORMS = "iphoneos iphonesimulator"; TARGETED_DEVICE_FAMILY = "1"; CODE_SIGN_STYLE = "Automatic"; MARKETING_VERSION = "0.1.0"; CURRENT_PROJECT_VERSION = "1"; CLANG_ENABLE_MODULES = "YES"; ENABLE_USER_SCRIPT_SANDBOXING = "YES"; ONLY_ACTIVE_ARCH = "NO"; SWIFT_OPTIMIZATION_LEVEL = "-O"; DEBUG_INFORMATION_FORMAT = "dwarf-with-dsym"; }; name = Release; };
    55325DDEC6212FCCEA249538 = { isa = PBXBuildFile; fileRef = 09605203E98DC5A932E98921; };
    55EC686BB7CD29ABB277FA83 = { isa = PBXBuildFile; fileRef = 794993E7E3F479F0EE6FDCFA; };
    56FAF02F3EA25F977F0B4B43 = { isa = PBXBuildFile; fileRef = C41AE0C0C81AAA17339E1471; };
    5A8C91857F674E16E2724F47 = { isa = XCBuildConfiguration; buildSettings = { PRODUCT_NAME = "MementoMori"; PRODUCT_BUNDLE_IDENTIFIER = "com.rlagudals95.mementomori"; SWIFT_EMIT_LOC_STRINGS = "YES"; CODE_SIGN_ENTITLEMENTS = "Shared/MementoMori.entitlements"; INFOPLIST_FILE = "App/Info.plist"; ASSETCATALOG_COMPILER_APPICON_NAME = "AppIcon"; SUPPORTS_MACCATALYST = "NO"; }; name = Release; };
    5B21A5802740265D858D38C2 = { isa = PBXTargetDependency; target = A5A0AA9F4FB5BC8D9254438A; targetProxy = 225795B2DAF32C318234BC12; };
    5FD8D7DDB20EE74D7FA97D23 = { isa = PBXBuildFile; fileRef = 09605203E98DC5A932E98921; };
    624A8F936E0903B5DF7F6FC4 = { isa = PBXFileReference; lastKnownFileType = text.plist.xml; path = "App/Info.plist"; sourceTree = "<group>"; };
    6327A1005FF0B783151E530B = { isa = PBXFileReference; lastKnownFileType = text.xml; path = "Resources/PrivacyInfo.xcprivacy"; sourceTree = "<group>"; };
    65D04A71314B845568885CCE = { isa = PBXBuildFile; fileRef = 8250B36FBA0A6DF6E6ABEE60; };
    78548ADD28CC7B5EA2D67C47 = { isa = PBXFileReference; lastKnownFileType = text.xcconfig; path = "Config/Signing.xcconfig"; sourceTree = "<group>"; };
    794993E7E3F479F0EE6FDCFA = { isa = PBXFileReference; lastKnownFileType = sourcecode.swift; path = "Widgets/Configuration.swift"; sourceTree = "<group>"; };
    79F20339CDB2859DD2FD5E6A = { isa = PBXContainerItemProxy; containerPortal = 98F54143AB4E86B28C3AFEE0; proxyType = 1; remoteGlobalIDString = 29C7B681C8D62CBAC94D51C0; remoteInfo = app; };
    7C00590ED4574C49F4854542 = { isa = PBXFileReference; lastKnownFileType = text.plist.xml; path = "Widgets/Info.plist"; sourceTree = "<group>"; };
    7D6131EA17EF82109ADEC49A = { isa = XCSwiftPackageProductDependency; productName = MementoCore; };
    8250B36FBA0A6DF6E6ABEE60 = { isa = PBXFileReference; lastKnownFileType = sourcecode.swift; path = "App/HomeView.swift"; sourceTree = "<group>"; };
    8627D3D0344DFA795FBCDD14 = { isa = PBXBuildFile; fileRef = 6327A1005FF0B783151E530B; };
    870B3294C0CBD48AF6BBCC1B = { isa = PBXGroup; children = (8250B36FBA0A6DF6E6ABEE60, 624A8F936E0903B5DF7F6FC4, 4BF5FFBDEFE05B1D2D11C94E, 50723A0DD70663E37D64DCBF, E56E49BA23317991582BFD23, C41AE0C0C81AAA17339E1471, 200E2E61927ECE857AF7B870, E0E27618A2D2A8FEBDD49F35, C98AF03409EB2DC77957A570, 6327A1005FF0B783151E530B, 09605203E98DC5A932E98921, 303AD283F817115D838B5B02, F7989604EEF720BAE3F20702, 794993E7E3F479F0EE6FDCFA, 7C00590ED4574C49F4854542, CC0BBAE2333EB1C198D61A7D, 78548ADD28CC7B5EA2D67C47, FBDC4F23F93125BBEEAE800C,); sourceTree = "<group>"; };
    8EEBAB68363C2B0DAE00DB30 = { isa = XCBuildConfiguration; buildSettings = { PRODUCT_NAME = "MementoWidgets"; PRODUCT_BUNDLE_IDENTIFIER = "com.rlagudals95.mementomori.widgets"; SWIFT_EMIT_LOC_STRINGS = "YES"; CODE_SIGN_ENTITLEMENTS = "Shared/MementoMori.entitlements"; INFOPLIST_FILE = "Widgets/Info.plist"; APPLICATION_EXTENSION_API_ONLY = "YES"; SKIP_INSTALL = "YES"; }; name = Debug; };
    942EEBBACD6C88CAE7F29B29 = { isa = XCBuildConfiguration; buildSettings = { PRODUCT_NAME = "MementoMoriUITests"; PRODUCT_BUNDLE_IDENTIFIER = "com.rlagudals95.mementomori.uitests"; SWIFT_EMIT_LOC_STRINGS = "YES"; GENERATE_INFOPLIST_FILE = "YES"; TEST_TARGET_NAME = "MementoMori"; }; name = Release; };
    94AE7B788ACFE51AFAA8B354 = { isa = PBXBuildFile; fileRef = E56E49BA23317991582BFD23; };
    96316AF13F45443E4E9C4BA0 = { isa = XCConfigurationList; buildConfigurations = (AB52CB08E0FDF02BF6C67C33, 5283471FF90C511CFE244FFF,); defaultConfigurationIsVisible = 0; defaultConfigurationName = Release; };
    9864BBAC889E07786692F9B6 = { isa = PBXBuildFile; productRef = 7D6131EA17EF82109ADEC49A; };
    98F54143AB4E86B28C3AFEE0 = { isa = PBXProject; attributes = { BuildIndependentTargetsInParallel = YES; LastUpgradeCheck = 1600; TargetAttributes = { 29C7B681C8D62CBAC94D51C0 = { CreatedOnToolsVersion = 16.0; }; A5A0AA9F4FB5BC8D9254438A = { CreatedOnToolsVersion = 16.0; }; EA5815D3D83100CE3F564964 = { CreatedOnToolsVersion = 16.0; TestTargetID = 29C7B681C8D62CBAC94D51C0; }; }; }; buildConfigurationList = 96316AF13F45443E4E9C4BA0; compatibilityVersion = "Xcode 14.0"; developmentRegion = ko; knownRegions = (en, ko, Base); mainGroup = 870B3294C0CBD48AF6BBCC1B; packageReferences = (B747EAD6A8D7189EE159E1E4,); productRefGroup = FBDC4F23F93125BBEEAE800C; projectDirPath = ""; projectRoot = ""; targets = (29C7B681C8D62CBAC94D51C0, A5A0AA9F4FB5BC8D9254438A, EA5815D3D83100CE3F564964,); };
    9B3B545F8CBA1ACB550689D3 = { isa = XCBuildConfiguration; buildSettings = { PRODUCT_NAME = "MementoWidgets"; PRODUCT_BUNDLE_IDENTIFIER = "com.rlagudals95.mementomori.widgets"; SWIFT_EMIT_LOC_STRINGS = "YES"; CODE_SIGN_ENTITLEMENTS = "Shared/MementoMori.entitlements"; INFOPLIST_FILE = "Widgets/Info.plist"; APPLICATION_EXTENSION_API_ONLY = "YES"; SKIP_INSTALL = "YES"; }; name = Release; };
    A5A0AA9F4FB5BC8D9254438A = { isa = PBXNativeTarget; buildConfigurationList = 2DCD9A9831404E37432E6EFF; buildPhases = (340B44853D0D58738451C8F7, 40D79F40A8593FA508DC545F, 44C1AF857B0FE8DD6E732654,); buildRules = (); dependencies = (); name = MementoWidgets; packageProductDependencies = (F76D4F1178CB876BA9670F7D,); productName = MementoWidgets; productReference = 4C47665D1BA4105DF9684DC4; productType = "com.apple.product-type.app-extension"; };
    A8D8270AA6DB8732282C9541 = { isa = PBXFileReference; explicitFileType = wrapper.cfbundle; path = "MementoMoriUITests.xctest"; sourceTree = BUILT_PRODUCTS_DIR; };
    A93295E4AD942432F6A16E61 = { isa = PBXBuildFile; fileRef = 200E2E61927ECE857AF7B870; };
    AB52CB08E0FDF02BF6C67C33 = { isa = XCBuildConfiguration; baseConfigurationReference = 78548ADD28CC7B5EA2D67C47; buildSettings = { SWIFT_VERSION = "5.0"; IPHONEOS_DEPLOYMENT_TARGET = "17.0"; SDKROOT = "iphoneos"; SUPPORTED_PLATFORMS = "iphoneos iphonesimulator"; TARGETED_DEVICE_FAMILY = "1"; CODE_SIGN_STYLE = "Automatic"; MARKETING_VERSION = "0.1.0"; CURRENT_PROJECT_VERSION = "1"; CLANG_ENABLE_MODULES = "YES"; ENABLE_USER_SCRIPT_SANDBOXING = "YES"; ONLY_ACTIVE_ARCH = "YES"; SWIFT_OPTIMIZATION_LEVEL = "-Onone"; SWIFT_ACTIVE_COMPILATION_CONDITIONS = "DEBUG"; DEBUG_INFORMATION_FORMAT = "dwarf"; }; name = Debug; };
    B6CDB6E5D160E013280D3C68 = { isa = PBXFileReference; explicitFileType = wrapper.application; path = "MementoMori.app"; sourceTree = BUILT_PRODUCTS_DIR; };
    B747EAD6A8D7189EE159E1E4 = { isa = XCLocalSwiftPackageReference; relativePath = ../../packages/memento-core; };
    B857A8D6D8CA8640284F1021 = { isa = PBXBuildFile; fileRef = 303AD283F817115D838B5B02; };
    BEE4076E58890E25F3CD63FA = { isa = PBXTargetDependency; target = 29C7B681C8D62CBAC94D51C0; targetProxy = 79F20339CDB2859DD2FD5E6A; };
    C0B8DD6ADB598CD3770166D1 = { isa = PBXBuildFile; fileRef = 6327A1005FF0B783151E530B; };
    C19A4328C9961E8F8A7CF4CD = { isa = PBXFrameworksBuildPhase; buildActionMask = 2147483647; files = (9864BBAC889E07786692F9B6,); runOnlyForDeploymentPostprocessing = 0; };
    C41AE0C0C81AAA17339E1471 = { isa = PBXFileReference; lastKnownFileType = sourcecode.swift; path = "App/Store.swift"; sourceTree = "<group>"; };
    C54F6A35B65FE2954A7FD74A = { isa = PBXResourcesBuildPhase; buildActionMask = 2147483647; files = (); runOnlyForDeploymentPostprocessing = 0; };
    C84B5C31679C986BFD935BC6 = { isa = PBXResourcesBuildPhase; buildActionMask = 2147483647; files = (DB640183DE0FD5A546E929B0, 55325DDEC6212FCCEA249538, C0B8DD6ADB598CD3770166D1, F72F52513BF3475D9A1E2AF0,); runOnlyForDeploymentPostprocessing = 0; };
    C948D157A82C041212BCB37C = { isa = PBXBuildFile; productRef = F76D4F1178CB876BA9670F7D; };
    C98AF03409EB2DC77957A570 = { isa = PBXFileReference; lastKnownFileType = file; path = "Resources/PretendardVariable.ttf"; sourceTree = "<group>"; };
    CC0BBAE2333EB1C198D61A7D = { isa = PBXFileReference; lastKnownFileType = sourcecode.swift; path = "Widgets/MementoWidgets.swift"; sourceTree = "<group>"; };
    D10ECEDA0FB53BA093BEC557 = { isa = PBXSourcesBuildPhase; buildActionMask = 2147483647; files = (65D04A71314B845568885CCE, 466B1BF29CAC38A0D1C17808, EC2E4032CF2A8219209FFACD, 94AE7B788ACFE51AFAA8B354, 56FAF02F3EA25F977F0B4B43, A93295E4AD942432F6A16E61, 135F6843417BCDE1AA43081A,); runOnlyForDeploymentPostprocessing = 0; };
    D47DE04E248AA175FA6CF246 = { isa = PBXSourcesBuildPhase; buildActionMask = 2147483647; files = (34B7D05F21453B7E9E0A5690,); runOnlyForDeploymentPostprocessing = 0; };
    DB640183DE0FD5A546E929B0 = { isa = PBXBuildFile; fileRef = C98AF03409EB2DC77957A570; };
    E0E27618A2D2A8FEBDD49F35 = { isa = PBXFileReference; lastKnownFileType = folder.assetcatalog; path = "Resources/Assets.xcassets"; sourceTree = "<group>"; };
    E56E49BA23317991582BFD23 = { isa = PBXFileReference; lastKnownFileType = sourcecode.swift; path = "App/SettingsView.swift"; sourceTree = "<group>"; };
    E9B2E96ABC5F6856F2BE79CF = { isa = XCBuildConfiguration; buildSettings = { PRODUCT_NAME = "MementoMori"; PRODUCT_BUNDLE_IDENTIFIER = "com.rlagudals95.mementomori"; SWIFT_EMIT_LOC_STRINGS = "YES"; CODE_SIGN_ENTITLEMENTS = "Shared/MementoMori.entitlements"; INFOPLIST_FILE = "App/Info.plist"; ASSETCATALOG_COMPILER_APPICON_NAME = "AppIcon"; SUPPORTS_MACCATALYST = "NO"; }; name = Debug; };
    EA5815D3D83100CE3F564964 = { isa = PBXNativeTarget; buildConfigurationList = 0924ACF74BEB0A0098155ADB; buildPhases = (D47DE04E248AA175FA6CF246, 48FB5AF282D47CFB19F12683, C54F6A35B65FE2954A7FD74A,); buildRules = (); dependencies = (BEE4076E58890E25F3CD63FA,); name = MementoMoriUITests; packageProductDependencies = (); productName = MementoMoriUITests; productReference = A8D8270AA6DB8732282C9541; productType = "com.apple.product-type.bundle.ui-testing"; };
    EC2E4032CF2A8219209FFACD = { isa = PBXBuildFile; fileRef = 50723A0DD70663E37D64DCBF; };
    F09582915CA9E45F5F8CF7E4 = { isa = PBXBuildFile; fileRef = CC0BBAE2333EB1C198D61A7D; };
    F7144F68C3B4FE8B23CB38FE = { isa = XCConfigurationList; buildConfigurations = (E9B2E96ABC5F6856F2BE79CF, 5A8C91857F674E16E2724F47,); defaultConfigurationIsVisible = 0; defaultConfigurationName = Release; };
    F72F52513BF3475D9A1E2AF0 = { isa = PBXBuildFile; fileRef = E0E27618A2D2A8FEBDD49F35; };
    F76D4F1178CB876BA9670F7D = { isa = XCSwiftPackageProductDependency; productName = MementoCore; };
    F7989604EEF720BAE3F20702 = { isa = PBXFileReference; lastKnownFileType = sourcecode.swift; path = "UITests/MementoMoriUITests.swift"; sourceTree = "<group>"; };
    FBDC4F23F93125BBEEAE800C = { isa = PBXGroup; children = (B6CDB6E5D160E013280D3C68, 4C47665D1BA4105DF9684DC4, A8D8270AA6DB8732282C9541,); name = Products; sourceTree = "<group>"; };
    FCB48D8F88BCDB0ED9FADFD7 = { isa = XCBuildConfiguration; buildSettings = { PRODUCT_NAME = "MementoMoriUITests"; PRODUCT_BUNDLE_IDENTIFIER = "com.rlagudals95.mementomori.uitests"; SWIFT_EMIT_LOC_STRINGS = "YES"; GENERATE_INFOPLIST_FILE = "YES"; TEST_TARGET_NAME = "MementoMori"; }; name = Debug; };
}; rootObject = 98F54143AB4E86B28C3AFEE0; }
